{
  "name": "bindview-component",
  "version": "1.0.0",
  "lockfileVersion": 3,
  "requires": true,
  "packages": {
    "": {
      "name": "bindview-component",
      "version": "1.0.0",
      "license": "ISC",
      "dependencies": {
        "bindview": "^3.0.6"
      }
    },
    "node_modules/bindview": {
      "version": "3.0.6",
      "resolved": "https://registry.npmjs.org/bindview/-/bindview-3.0.6.tgz",
      "integrity": "sha512-q325biKjP5TabCErIEDeq09+M4aARJP8Uuq6xnB/xTYqBJP4Qv1tOfDEHOwunYu0MIM1sC9llmpRypuxST6arg==",
      "dependencies": {
        "deep-copy": "^1.4.2"
      }
    },
    "node_modules/deep-copy": {
      "version": "1.4.2",
      "resolved": "https://registry.npmjs.org/deep-copy/-/deep-copy-1.4.2.tgz",
      "integrity": "sha512-VxZwQ/1+WGQPl5nE67uLhh7OqdrmqI1OazrraO9Bbw/M8Bt6Mol/RxzDA6N6ZgRXpsG/W9PgUj8E1LHHBEq2GQ==",
      "engines": {
        "node": ">=4.0.0"
      }
    }
  }
}
